
Microsoft Visual Studio Solution File, Format Version 12.00
# Visual Studio Version 16
VisualStudioVersion = 16.0.29306.81
MinimumVisualStudioVersion = 10.0.40219.1
Project("{FAE04EC0-301F-11D3-BF4B-00C04F79EFBC}") = "Log2DB", "Log2DB\Log2DB.csproj", "{90D0EFD2-4340-4505-9B1E-F43E790E7C76}"
EndProject
Project("{FAE04EC0-301F-11D3-BF4B-00C04F79EFBC}") = "Log2DB.Tests", "Log2DB.Tests\Log2DB.Tests.csproj", "{B823FF0D-D675-498C-8391-EADC57D1827C}"
EndProject
Global
	GlobalSection(SolutionConfigurationPlatforms) = preSolution
		Debug|Any CPU = Debug|Any CPU
		Release|Any CPU = Release|Any CPU
	EndGlobalSection
	GlobalSection(ProjectConfigurationPlatforms) = postSolution
		{90D0EFD2-4340-4505-9B1E-F43E790E7C76}.Debug|Any CPU.ActiveCfg = Debug|Any CPU
		{90D0EFD2-4340-4505-9B1E-F43E790E7C76}.Debug|Any CPU.Build.0 = Debug|Any CPU
		{90D0EFD2-4340-4505-9B1E-F43E790E7C76}.Release|Any CPU.ActiveCfg = Release|Any CPU
		{90D0EFD2-4340-4505-9B1E-F43E790E7C76}.Release|Any CPU.Build.0 = Release|Any CPU
		{B823FF0D-D675-498C-8391-EADC57D1827C}.Debug|Any CPU.ActiveCfg = Debug|Any CPU
		{B823FF0D-D675-498C-8391-EADC57D1827C}.Debug|Any CPU.Build.0 = Debug|Any CPU
		{B823FF0D-D675-498C-8391-EADC57D1827C}.Release|Any CPU.ActiveCfg = Release|Any CPU
		{B823FF0D-D675-498C-8391-EADC57D1827C}.Release|Any CPU.Build.0 = Release|Any CPU
	EndGlobalSection
	GlobalSection(SolutionProperties) = preSolution
		HideSolutionNode = FALSE
	EndGlobalSection
	GlobalSection(ExtensibilityGlobals) = postSolution
		SolutionGuid = {A2906338-242E-4E2A-A43D-33ABAF5E040D}
	EndGlobalSection
EndGlobal
